
Microsoft Visual Studio Solution File, Format Version 12.00
# Visual Studio 15
VisualStudioVersion = 15.0.27130.2027
MinimumVisualStudioVersion = 10.0.40219.1
Project("{FAE04EC0-301F-11D3-BF4B-00C04F79EFBC}") = "Vacas", "Vacas\Vacas.csproj", "{BB094A13-7C52-47BE-B30A-F21E644E0119}"
EndProject
Global
	GlobalSection(SolutionConfigurationPlatforms) = preSolution
		Debug|Any CPU = Debug|Any CPU
		Release|Any CPU = Release|Any CPU
	EndGlobalSection
	GlobalSection(ProjectConfigurationPlatforms) = postSolution
		{BB094A13-7C52-47BE-B30A-F21E644E0119}.Debug|Any CPU.ActiveCfg = Debug|Any CPU
		{BB094A13-7C52-47BE-B30A-F21E644E0119}.Debug|Any CPU.Build.0 = Debug|Any CPU
		{BB094A13-7C52-47BE-B30A-F21E644E0119}.Release|Any CPU.ActiveCfg = Release|Any CPU
		{BB094A13-7C52-47BE-B30A-F21E644E0119}.Release|Any CPU.Build.0 = Release|Any CPU
	EndGlobalSection
	GlobalSection(SolutionProperties) = preSolution
		HideSolutionNode = FALSE
	EndGlobalSection
	GlobalSection(ExtensibilityGlobals) = postSolution
		SolutionGuid = {5A2F3D39-8702-4AD8-BA9C-B4B14C08F708}
	EndGlobalSection
EndGlobal
